
Microsoft Visual Studio Solution File, Format Version 12.00
# Visual Studio Version 16
VisualStudioVersion = 16.0.28917.181
MinimumVisualStudioVersion = 10.0.40219.1
Project("{FAE04EC0-301F-11D3-BF4B-00C04F79EFBC}") = "NicheNameSorter", "NicheNameSorter\NicheNameSorter.csproj", "{B95BF310-CD57-45CB-BFCD-E8F717D36147}"
EndProject
Project("{FAE04EC0-301F-11D3-BF4B-00C04F79EFBC}") = "NicheNameSorter.UnitTests", "NicheNameSorter.UnitTests\NicheNameSorter.UnitTests.csproj", "{7A511F83-5BC6-4EF3-B547-3DE314071D0A}"
EndProject
Global
	GlobalSection(SolutionConfigurationPlatforms) = preSolution
		Debug|Any CPU = Debug|Any CPU
		Release|Any CPU = Release|Any CPU
	EndGlobalSection
	GlobalSection(ProjectConfigurationPlatforms) = postSolution
		{B95BF310-CD57-45CB-BFCD-E8F717D36147}.Debug|Any CPU.ActiveCfg = Debug|Any CPU
		{B95BF310-CD57-45CB-BFCD-E8F717D36147}.Debug|Any CPU.Build.0 = Debug|Any CPU
		{B95BF310-CD57-45CB-BFCD-E8F717D36147}.Release|Any CPU.ActiveCfg = Release|Any CPU
		{B95BF310-CD57-45CB-BFCD-E8F717D36147}.Release|Any CPU.Build.0 = Release|Any CPU
		{7A511F83-5BC6-4EF3-B547-3DE314071D0A}.Debug|Any CPU.ActiveCfg = Debug|Any CPU
		{7A511F83-5BC6-4EF3-B547-3DE314071D0A}.Debug|Any CPU.Build.0 = Debug|Any CPU
		{7A511F83-5BC6-4EF3-B547-3DE314071D0A}.Release|Any CPU.ActiveCfg = Release|Any CPU
		{7A511F83-5BC6-4EF3-B547-3DE314071D0A}.Release|Any CPU.Build.0 = Release|Any CPU
	EndGlobalSection
	GlobalSection(SolutionProperties) = preSolution
		HideSolutionNode = FALSE
	EndGlobalSection
	GlobalSection(ExtensibilityGlobals) = postSolution
		SolutionGuid = {89168731-285D-4D6C-BAF3-C8CCBF704315}
	EndGlobalSection
EndGlobal
